// !$*UTF8*$!
{
	archiveVersion = 1;
	classes = {
	};
	objectVersion = 46;
	objects = {

/* Begin PBXBuildFile section */
		09D5911C1E4E78E900D07AFF /* main.m in Sources */ = {isa = PBXBuildFile; fileRef = 09D5911B1E4E78E900D07AFF /* main.m */; };
		09D5911F1E4E78E900D07AFF /* AppDelegate.m in Sources */ = {isa = PBXBuildFile; fileRef = 09D5911E1E4E78E900D07AFF /* AppDelegate.m */; };
		09D591251E4E78E900D07AFF /* Main.storyboard in Resources */ = {isa = PBXBuildFile; fileRef = 09D591231E4E78E900D07AFF /* Main.storyboard */; };
		09D591271E4E78E900D07AFF /* Assets.xcassets in Resources */ = {isa = PBXBuildFile; fileRef = 09D591261E4E78E900D07AFF /* Assets.xcassets */; };
		09D5912A1E4E78E900D07AFF /* LaunchScreen.storyboard in Resources */ = {isa = PBXBuildFile; fileRef = 09D591281E4E78E900D07AFF /* LaunchScreen.storyboard */; };
		09D591331E4E7B7F00D07AFF /* NumbersTableTableViewController.m in Sources */ = {isa = PBXBuildFile; fileRef = 09D591321E4E7B7F00D07AFF /* NumbersTableTableViewController.m */; };
/* End PBXBuildFile section */

/* Begin PBXFileReference section */
		09D591171E4E78E900D07AFF /* Tarea1.app */ = {isa = PBXFileReference; explicitFileType = wrapper.application; includeInIndex = 0; path = Tarea1.app; sourceTree = BUILT_PRODUCTS_DIR; };
		09D5911B1E4E78E900D07AFF /* main.m */ = {isa = PBXFileReference; lastKnownFileType = sourcecode.c.objc; path = main.m; sourceTree = "<group>"; };
		09D5911D1E4E78E900D07AFF /* AppDelegate.h */ = {isa = PBXFileReference; lastKnownFileType = sourcecode.c.h; path = AppDelegate.h; sourceTree = "<group>"; };
		09D5911E1E4E78E900D07AFF /* AppDelegate.m */ = {isa = PBXFileReference; lastKnownFileType = sourcecode.c.objc; path = AppDelegate.m; sourceTree = "<group>"; };
		09D591261E4E78E900D07AFF /* Assets.xcassets */ = {isa = PBXFileReference; lastKnownFileType = folder.assetcatalog; path = Assets.xcassets; sourceTree = "<group>"; };
		09D591291E4E78E900D07AFF /* Base */ = {isa = PBXFileReference; lastKnownFileType = file.storyboard; name = Base; path = Base.lproj/LaunchScreen.storyboard; sourceTree = "<group>"; };
		09D5912B1E4E78E900D07AFF /* Info.plist */ = {isa = PBXFileReference; lastKnownFileType = text.plist.xml; path = Info.plist; sourceTree = "<group>"; };
		09D591311E4E7B7F00D07AFF /* NumbersTableTableViewController.h */ = {isa = PBXFileReference; fileEncoding = 4; lastKnownFileType = sourcecode.c.h; path = NumbersTableTableViewController.h; sourceTree = "<group>"; };
		09D591321E4E7B7F00D07AFF /* NumbersTableTableViewController.m */ = {isa = PBXFileReference; fileEncoding = 4; lastKnownFileType = sourcecode.c.objc; path = NumbersTableTableViewController.m; sourceTree = "<group>"; };
		09D591881E52A97500D07AFF /* Base */ = {isa = PBXFileReference; lastKnownFileType = file.storyboard; name = Base; path = Base.lproj/Main.storyboard; sourceTree = "<group>"; };
/* End PBXFileReference section */

/* Begin PBXFrameworksBuildPhase section */
		09D591141E4E78E900D07AFF /* Frameworks */ = {
			isa = PBXFrameworksBuildPhase;
			buildActionMask = 2147483647;
			files = (
			);
			runOnlyForDeploymentPostprocessing = 0;
		};
/* End PBXFrameworksBuildPhase section */

/* Begin PBXGroup section */
		09D5910E1E4E78E900D07AFF = {
			isa = PBXGroup;
			children = (
				09D591191E4E78E900D07AFF /* Tarea1 */,
				09D591181E4E78E900D07AFF /* Products */,
			);
			sourceTree = "<group>";
		};
		09D591181E4E78E900D07AFF /* Products */ = {
			isa = PBXGroup;
			children = (
				09D591171E4E78E900D07AFF /* Tarea1.app */,
			);
			name = Products;
			sourceTree = "<group>";
		};
		09D591191E4E78E900D07AFF /* Tarea1 */ = {
			isa = PBXGroup;
			children = (
				09D5911D1E4E78E900D07AFF /* AppDelegate.h */,
				09D5911E1E4E78E900D07AFF /* AppDelegate.m */,
				09D591231E4E78E900D07AFF /* Main.storyboard */,
				09D591261E4E78E900D07AFF /* Assets.xcassets */,
				09D591281E4E78E900D07AFF /* LaunchScreen.storyboard */,
				09D5912B1E4E78E900D07AFF /* Info.plist */,
				09D5911A1E4E78E900D07AFF /* Supporting Files */,
				09D591311E4E7B7F00D07AFF /* NumbersTableTableViewController.h */,
				09D591321E4E7B7F00D07AFF /* NumbersTableTableViewController.m */,
			);
			path = Tarea1;
			sourceTree = "<group>";
		};
		09D5911A1E4E78E900D07AFF /* Supporting Files */ = {
			isa = PBXGroup;
			children = (
				09D5911B1E4E78E900D07AFF /* main.m */,
			);
			name = "Supporting Files";
			sourceTree = "<group>";
		};
/* End PBXGroup section */

/* Begin PBXNativeTarget section */
		09D591161E4E78E900D07AFF /* Tarea1 */ = {
			isa = PBXNativeTarget;
			buildConfigurationList = 09D5912E1E4E78E900D07AFF /* Build configuration list for PBXNativeTarget "Tarea1" */;
			buildPhases = (
				09D591131E4E78E900D07AFF /* Sources */,
				09D591141E4E78E900D07AFF /* Frameworks */,
				09D591151E4E78E900D07AFF /* Resources */,
			);
			buildRules = (
			);
			dependencies = (
			);
			name = Tarea1;
			productName = Tarea1;
			productReference = 09D591171E4E78E900D07AFF /* Tarea1.app */;
			productType = "com.apple.product-type.application";
		};
/* End PBXNativeTarget section */

/* Begin PBXProject section */
		09D5910F1E4E78E900D07AFF /* Project object */ = {
			isa = PBXProject;
			attributes = {
				LastUpgradeCheck = 0820;
				ORGANIZATIONNAME = "Jimmy Navarro Castro";
				TargetAttributes = {
					09D591161E4E78E900D07AFF = {
						CreatedOnToolsVersion = 8.2.1;
						ProvisioningStyle = Automatic;
					};
				};
			};
			buildConfigurationList = 09D591121E4E78E900D07AFF /* Build configuration list for PBXProject "Tarea1" */;
			compatibilityVersion = "Xcode 3.2";
			developmentRegion = English;
			hasScannedForEncodings = 0;
			knownRegions = (
				en,
				Base,
			);
			mainGroup = 09D5910E1E4E78E900D07AFF;
			productRefGroup = 09D591181E4E78E900D07AFF /* Products */;
			projectDirPath = "";
			projectRoot = "";
			targets = (
				09D591161E4E78E900D07AFF /* Tarea1 */,
			);
		};
/* End PBXProject section */

/* Begin PBXResourcesBuildPhase section */
		09D591151E4E78E900D07AFF /* Resources */ = {
			isa = PBXResourcesBuildPhase;
			buildActionMask = 2147483647;
			files = (
				09D5912A1E4E78E900D07AFF /* LaunchScreen.storyboard in Resources */,
				09D591271E4E78E900D07AFF /* Assets.xcassets in Resources */,
				09D591251E4E78E900D07AFF /* Main.storyboard in Resources */,
			);
			runOnlyForDeploymentPostprocessing = 0;
		};
/* End PBXResourcesBuildPhase section */

/* Begin PBXSourcesBuildPhase section */
		09D591131E4E78E900D07AFF /* Sources */ = {
			isa = PBXSourcesBuildPhase;
			buildActionMask = 2147483647;
			files = (
				09D591331E4E7B7F00D07AFF /* NumbersTableTableViewController.m in Sources */,
				09D5911F1E4E78E900D07AFF /* AppDelegate.m in Sources */,
				09D5911C1E4E78E900D07AFF /* main.m in Sources */,
			);
			runOnlyForDeploymentPostprocessing = 0;
		};
/* End PBXSourcesBuildPhase section */

/* Begin PBXVariantGroup section */
		09D591231E4E78E900D07AFF /* Main.storyboard */ = {
			isa = PBXVariantGroup;
			children = (
				09D591881E52A97500D07AFF /* Base */,
			);
			name = Main.storyboard;
			sourceTree = "<group>";
		};
		09D591281E4E78E900D07AFF /* LaunchScreen.storyboard */ = {
			isa = PBXVariantGroup;
			children = (
				09D591291E4E78E900D07AFF /* Base */,
			);
			name = LaunchScreen.storyboard;
			sourceTree = "<group>";
		};
/* End PBXVariantGroup section */

/* Begin XCBuildConfiguration section */
		09D5912C1E4E78E900D07AFF /* Debug */ = {
			isa = XCBuildConfiguration;
			buildSettings = {
				ALWAYS_SEARCH_USER_PATHS = NO;
				CLANG_ANALYZER_NONNULL = YES;
				CLANG_CXX_LANGUAGE_STANDARD = "gnu++0x";
				CLANG_CXX_LIBRARY = "libc++";
				CLANG_ENABLE_MODULES = YES;
				CLANG_ENABLE_OBJC_ARC = YES;
				CLANG_WARN_BOOL_CONVERSION = YES;
				CLANG_WARN_CONSTANT_CONVERSION = YES;
				CLANG_WARN_DIRECT_OBJC_ISA_USAGE = YES_ERROR;
				CLANG_WARN_DOCUMENTATION_COMMENTS = YES;
				CLANG_WARN_EMPTY_BODY = YES;
				CLANG_WARN_ENUM_CONVERSION = YES;
				CLANG_WARN_INFINITE_RECURSION = YES;
				CLANG_WARN_INT_CONVERSION = YES;
				CLANG_WARN_OBJC_ROOT_CLASS = YES_ERROR;
				CLANG_WARN_SUSPICIOUS_MOVE = YES;
				CLANG_WARN_UNREACHABLE_CODE = YES;
				CLANG_WARN__DUPLICATE_METHOD_MATCH = YES;
				"CODE_SIGN_IDENTITY[sdk=iphoneos*]" = "iPhone Developer";
				COPY_PHASE_STRIP = NO;
				DEBUG_INFORMATION_FORMAT = dwarf;
				ENABLE_STRICT_OBJC_MSGSEND = YES;
				ENABLE_TESTABILITY = YES;
				GCC_C_LANGUAGE_STANDARD = gnu99;
				GCC_DYNAMIC_NO_PIC = NO;
				GCC_NO_COMMON_BLOCKS = YES;
				GCC_OPTIMIZATION_LEVEL = 0;
				GCC_PREPROCESSOR_DEFINITIONS = (
					"DEBUG=1",
					"$(inherited)",
				);
				GCC_WARN_64_TO_32_BIT_CONVERSION = YES;
				GCC_WARN_ABOUT_RETURN_TYPE = YES_ERROR;
				GCC_WARN_UNDECLARED_SELECTOR = YES;
				GCC_WARN_UNINITIALIZED_AUTOS = YES_AGGRESSIVE;
				GCC_WARN_UNUSED_FUNCTION = YES;
				GCC_WARN_UNUSED_VARIABLE = YES;
				IPHONEOS_DEPLOYMENT_TARGET = 10.2;
				MTL_ENABLE_DEBUG_INFO = YES;
				ONLY_ACTIVE_ARCH = YES;
				SDKROOT = iphoneos;
			};
			name = Debug;
		};
		09D5912D1E4E78E900D07AFF /* Release */ = {
			isa = XCBuildConfiguration;
			buildSettings = {
				ALWAYS_SEARCH_USER_PATHS = NO;
				CLANG_ANALYZER_NONNULL = YES;
				CLANG_CXX_LANGUAGE_STANDARD = "gnu++0x";
				CLANG_CXX_LIBRARY = "libc++";
				CLANG_ENABLE_MODULES = YES;
				CLANG_ENABLE_OBJC_ARC = YES;
				CLANG_WARN_BOOL_CONVERSION = YES;
				CLANG_WARN_CONSTANT_CONVERSION = YES;
				CLANG_WARN_DIRECT_OBJC_ISA_USAGE = YES_ERROR;
				CLANG_WARN_DOCUMENTATION_COMMENTS = YES;
				CLANG_WARN_EMPTY_BODY = YES;
				CLANG_WARN_ENUM_CONVERSION = YES;
				CLANG_WARN_INFINITE_RECURSION = YES;
				CLANG_WARN_INT_CONVERSION = YES;
				CLANG_WARN_OBJC_ROOT_CLASS = YES_ERROR;
				CLANG_WARN_SUSPICIOUS_MOVE = YES;
				CLANG_WARN_UNREACHABLE_CODE = YES;
				CLANG_WARN__DUPLICATE_METHOD_MATCH = YES;
				"CODE_SIGN_IDENTITY[sdk=iphoneos*]" = "iPhone Developer";
				COPY_PHASE_STRIP = NO;
				DEBUG_INFORMATION_FORMAT = "dwarf-with-dsym";
				ENABLE_NS_ASSERTIONS = NO;
				ENABLE_STRICT_OBJC_MSGSEND = YES;
				GCC_C_LANGUAGE_STANDARD = gnu99;
				GCC_NO_COMMON_BLOCKS = YES;
				GCC_WARN_64_TO_32_BIT_CONVERSION = YES;
				GCC_WARN_ABOUT_RETURN_TYPE = YES_ERROR;
				GCC_WARN_UNDECLARED_SELECTOR = YES;
				GCC_WARN_UNINITIALIZED_AUTOS = YES_AGGRESSIVE;
				GCC_WARN_UNUSED_FUNCTION = YES;
				GCC_WARN_UNUSED_VARIABLE = YES;
				IPHONEOS_DEPLOYMENT_TARGET = 10.2;
				MTL_ENABLE_DEBUG_INFO = NO;
				SDKROOT = iphoneos;
				VALIDATE_PRODUCT = YES;
			};
			name = Release;
		};
		09D5912F1E4E78E900D07AFF /* Debug */ = {
			isa = XCBuildConfiguration;
			buildSettings = {
				ASSETCATALOG_COMPILER_APPICON_NAME = AppIcon;
				INFOPLIST_FILE = Tarea1/Info.plist;
				LD_RUNPATH_SEARCH_PATHS = "$(inherited) @executable_path/Frameworks";
				PRODUCT_BUNDLE_IDENTIFIER = com.jimmynavacr.Tarea1;
				PRODUCT_NAME = "$(TARGET_NAME)";
			};
			name = Debug;
		};
		09D591301E4E78E900D07AFF /* Release */ = {
			isa = XCBuildConfiguration;
			buildSettings = {
				ASSETCATALOG_COMPILER_APPICON_NAME = AppIcon;
				INFOPLIST_FILE = Tarea1/Info.plist;
				LD_RUNPATH_SEARCH_PATHS = "$(inherited) @executable_path/Frameworks";
				PRODUCT_BUNDLE_IDENTIFIER = com.jimmynavacr.Tarea1;
				PRODUCT_NAME = "$(TARGET_NAME)";
			};
			name = Release;
		};
/* End XCBuildConfiguration section */

/* Begin XCConfigurationList section */
		09D591121E4E78E900D07AFF /* Build configuration list for PBXProject "Tarea1" */ = {
			isa = XCConfigurationList;
			buildConfigurations = (
				09D5912C1E4E78E900D07AFF /* Debug */,
				09D5912D1E4E78E900D07AFF /* Release */,
			);
			defaultConfigurationIsVisible = 0;
			defaultConfigurationName = Release;
		};
		09D5912E1E4E78E900D07AFF /* Build configuration list for PBXNativeTarget "Tarea1" */ = {
			isa = XCConfigurationList;
			buildConfigurations = (
				09D5912F1E4E78E900D07AFF /* Debug */,
				09D591301E4E78E900D07AFF /* Release */,
			);
			defaultConfigurationIsVisible = 0;
			defaultConfigurationName = Release;
		};
/* End XCConfigurationList section */
	};
	rootObject = 09D5910F1E4E78E900D07AFF /* Project object */;
}
